
Microsoft Visual Studio Solution File, Format Version 12.00
# Visual Studio 2013
VisualStudioVersion = 12.0.30219.0
MinimumVisualStudioVersion = 10.0.40219.1
Project("{FAE04EC0-301F-11D3-BF4B-00C04F79EFBC}") = "PBDesk.Selenium.Extension", "PBDesk.Selenium.Extension\PBDesk.Selenium.Extension.csproj", "{482FFD35-279F-4C44-A37D-87FE507FF72D}"
EndProject
Project("{2150E333-8FDC-42A3-9474-1A3956D46DE8}") = ".nuget", ".nuget", "{67ECF780-FF65-4272-90CA-3ACFFC10D7E7}"
	ProjectSection(SolutionItems) = preProject
		.nuget\NuGet.Config = .nuget\NuGet.Config
		.nuget\NuGet.exe = .nuget\NuGet.exe
		.nuget\NuGet.targets = .nuget\NuGet.targets
	EndProjectSection
EndProject
Project("{2150E333-8FDC-42A3-9474-1A3956D46DE8}") = "Nuget", "Nuget", "{7BC93721-F2EA-41F9-A115-7AA027D2207E}"
	ProjectSection(SolutionItems) = preProject
		Nuget\Make.bat = Nuget\Make.bat
		Nuget\PBDesk.Selenium.Extension.MSBuild = Nuget\PBDesk.Selenium.Extension.MSBuild
		Nuget\PBDesk.Selenium.Extension.nuspec = Nuget\PBDesk.Selenium.Extension.nuspec
	EndProjectSection
EndProject
Global
	GlobalSection(SolutionConfigurationPlatforms) = preSolution
		Debug|Any CPU = Debug|Any CPU
		Release|Any CPU = Release|Any CPU
	EndGlobalSection
	GlobalSection(ProjectConfigurationPlatforms) = postSolution
		{482FFD35-279F-4C44-A37D-87FE507FF72D}.Debug|Any CPU.ActiveCfg = Debug|Any CPU
		{482FFD35-279F-4C44-A37D-87FE507FF72D}.Debug|Any CPU.Build.0 = Debug|Any CPU
		{482FFD35-279F-4C44-A37D-87FE507FF72D}.Release|Any CPU.ActiveCfg = Release|Any CPU
		{482FFD35-279F-4C44-A37D-87FE507FF72D}.Release|Any CPU.Build.0 = Release|Any CPU
	EndGlobalSection
	GlobalSection(SolutionProperties) = preSolution
		HideSolutionNode = FALSE
	EndGlobalSection
EndGlobal
